
Microsoft Visual Studio Solution File, Format Version 12.00
# Visual Studio Version 16
VisualStudioVersion = 16.0.29306.81
MinimumVisualStudioVersion = 10.0.40219.1
Project("{FAE04EC0-301F-11D3-BF4B-00C04F79EFBC}") = "DataOnQ.Abstractions", "src\DataOnQ.Abstractions\DataOnQ.Abstractions.csproj", "{997B0357-D897-4FA1-986B-C59E57ED8AB2}"
EndProject
Global
	GlobalSection(SolutionConfigurationPlatforms) = preSolution
		Debug|Any CPU = Debug|Any CPU
		Release|Any CPU = Release|Any CPU
	EndGlobalSection
	GlobalSection(ProjectConfigurationPlatforms) = postSolution
		{997B0357-D897-4FA1-986B-C59E57ED8AB2}.Debug|Any CPU.ActiveCfg = Debug|Any CPU
		{997B0357-D897-4FA1-986B-C59E57ED8AB2}.Debug|Any CPU.Build.0 = Debug|Any CPU
		{997B0357-D897-4FA1-986B-C59E57ED8AB2}.Release|Any CPU.ActiveCfg = Release|Any CPU
		{997B0357-D897-4FA1-986B-C59E57ED8AB2}.Release|Any CPU.Build.0 = Release|Any CPU
	EndGlobalSection
	GlobalSection(SolutionProperties) = preSolution
		HideSolutionNode = FALSE
	EndGlobalSection
	GlobalSection(ExtensibilityGlobals) = postSolution
		SolutionGuid = {F642BB62-67D4-44C3-AE96-87391885A4A1}
	EndGlobalSection
EndGlobal
